{
  "name": "local-wiki-mcp",
  "version": "0.7.1",
  "lockfileVersion": 3,
  "requires": true,
  "packages": {
    "": {
      "name": "local-wiki-mcp",
      "version": "0.7.1",
      "license": "MIT",
      "bin": {
        "local-wiki": "src/cli.js",
        "local-wiki-mcp": "src/cli.js"
      },
      "engines": {
        "node": ">=20.0.0"
      }
    }
  }
}
